
Microsoft Visual Studio Solution File, Format Version 12.00
# Visual Studio Version 17
VisualStudioVersion = 17.14.36327.8
MinimumVisualStudioVersion = 10.0.40219.1
Project("{FAE04EC0-301F-11D3-BF4B-00C04F79EFBC}") = "TeamService", "TeamService\TeamService.csproj", "{DD3442AE-66A9-4E36-8129-7D82A66DABEB}"
EndProject
Global
	GlobalSection(SolutionConfigurationPlatforms) = preSolution
		Debug|Any CPU = Debug|Any CPU
		Release|Any CPU = Release|Any CPU
	EndGlobalSection
	GlobalSection(ProjectConfigurationPlatforms) = postSolution
		{DD3442AE-66A9-4E36-8129-7D82A66DABEB}.Debug|Any CPU.ActiveCfg = Debug|Any CPU
		{DD3442AE-66A9-4E36-8129-7D82A66DABEB}.Debug|Any CPU.Build.0 = Debug|Any CPU
		{DD3442AE-66A9-4E36-8129-7D82A66DABEB}.Release|Any CPU.ActiveCfg = Release|Any CPU
		{DD3442AE-66A9-4E36-8129-7D82A66DABEB}.Release|Any CPU.Build.0 = Release|Any CPU
	EndGlobalSection
	GlobalSection(SolutionProperties) = preSolution
		HideSolutionNode = FALSE
	EndGlobalSection
	GlobalSection(ExtensibilityGlobals) = postSolution
		SolutionGuid = {82E82899-52BE-47F1-8EA1-5CEF615E6A94}
	EndGlobalSection
EndGlobal
