
Microsoft Visual Studio Solution File, Format Version 12.00
# Visual Studio Version 17
VisualStudioVersion = 17.14.36327.8
MinimumVisualStudioVersion = 10.0.40219.1
Project("{FAE04EC0-301F-11D3-BF4B-00C04F79EFBC}") = "PortfolioService", "PortfolioService\PortfolioService.csproj", "{7C636F5D-8488-4B4B-AB5B-FAB3FFAC4B4A}"
EndProject
Global
	GlobalSection(SolutionConfigurationPlatforms) = preSolution
		Debug|Any CPU = Debug|Any CPU
		Release|Any CPU = Release|Any CPU
	EndGlobalSection
	GlobalSection(ProjectConfigurationPlatforms) = postSolution
		{7C636F5D-8488-4B4B-AB5B-FAB3FFAC4B4A}.Debug|Any CPU.ActiveCfg = Debug|Any CPU
		{7C636F5D-8488-4B4B-AB5B-FAB3FFAC4B4A}.Debug|Any CPU.Build.0 = Debug|Any CPU
		{7C636F5D-8488-4B4B-AB5B-FAB3FFAC4B4A}.Release|Any CPU.ActiveCfg = Release|Any CPU
		{7C636F5D-8488-4B4B-AB5B-FAB3FFAC4B4A}.Release|Any CPU.Build.0 = Release|Any CPU
	EndGlobalSection
	GlobalSection(SolutionProperties) = preSolution
		HideSolutionNode = FALSE
	EndGlobalSection
	GlobalSection(ExtensibilityGlobals) = postSolution
		SolutionGuid = {82E82899-52BE-47F1-8EA1-5CEF615E6A94}
	EndGlobalSection
EndGlobal
